Microsoft Visual Studio Solution File, Format Version 12.00
# Visual Studio Version 17
VisualStudioVersion = 17.5.2.0
MinimumVisualStudioVersion = 10.0.40219.1
Project("{FAE04EC0-301F-11D3-BF4B-00C04F79EFBC}") = "BlockGame", "BlockGame.csproj", "{A35DD4B1-D83D-4209-CD44-2FB7C5D6D21F}"
EndProject
Global
	GlobalSection(SolutionConfigurationPlatforms) = preSolution
		Debug|Any CPU = Debug|Any CPU
		Release|Any CPU = Release|Any CPU
	EndGlobalSection
	GlobalSection(ProjectConfigurationPlatforms) = postSolution
		{A35DD4B1-D83D-4209-CD44-2FB7C5D6D21F}.Debug|Any CPU.ActiveCfg = Debug|Any CPU
		{A35DD4B1-D83D-4209-CD44-2FB7C5D6D21F}.Debug|Any CPU.Build.0 = Debug|Any CPU
		{A35DD4B1-D83D-4209-CD44-2FB7C5D6D21F}.Release|Any CPU.ActiveCfg = Release|Any CPU
		{A35DD4B1-D83D-4209-CD44-2FB7C5D6D21F}.Release|Any CPU.Build.0 = Release|Any CPU
	EndGlobalSection
	GlobalSection(SolutionProperties) = preSolution
		HideSolutionNode = FALSE
	EndGlobalSection
	GlobalSection(ExtensibilityGlobals) = postSolution
		SolutionGuid = {BBCD2C28-A25F-4CEE-B3F8-620F5F88D870}
	EndGlobalSection
EndGlobal
